// !$*UTF8*$!
{
	archiveVersion = 1;
	classes = {
	};
	objectVersion = 55;
	objects = {

/* Begin PBXBuildFile section */
		9944131627A9BD0300A1C021 /* AppDelegate.swift in Sources */ = {isa = PBXBuildFile; fileRef = 9944131527A9BD0300A1C021 /* AppDelegate.swift */; };
		9944131827A9BD0300A1C021 /* SceneDelegate.swift in Sources */ = {isa = PBXBuildFile; fileRef = 9944131727A9BD0300A1C021 /* SceneDelegate.swift */; };
		9944131A27A9BD0300A1C021 /* PrimeraPantallaViewController.swift in Sources */ = {isa = PBXBuildFile; fileRef = 9944131927A9BD0300A1C021 /* PrimeraPantallaViewController.swift */; };
		9944132027A9BD0300A1C021 /* MovieApp.xcdatamodeld in Sources */ = {isa = PBXBuildFile; fileRef = 9944131E27A9BD0300A1C021 /* MovieApp.xcdatamodeld */; };
		9944132227A9BD0500A1C021 /* Assets.xcassets in Resources */ = {isa = PBXBuildFile; fileRef = 9944132127A9BD0500A1C021 /* Assets.xcassets */; };
		9944132527A9BD0500A1C021 /* LaunchScreen.storyboard in Resources */ = {isa = PBXBuildFile; fileRef = 9944132327A9BD0500A1C021 /* LaunchScreen.storyboard */; };
		9944132D27A9C1D800A1C021 /* PrimeraPantallaViewController.xib in Resources */ = {isa = PBXBuildFile; fileRef = 9944132C27A9C1D800A1C021 /* PrimeraPantallaViewController.xib */; };
		9944133527A9E7C200A1C021 /* PantallaRegistroViewController.swift in Sources */ = {isa = PBXBuildFile; fileRef = 9944133327A9E7C200A1C021 /* PantallaRegistroViewController.swift */; };
		9944133627A9E7C200A1C021 /* PantallaRegistroViewController.xib in Resources */ = {isa = PBXBuildFile; fileRef = 9944133427A9E7C200A1C021 /* PantallaRegistroViewController.xib */; };
		9944133927A9E81500A1C021 /* PantallaLogInViewController.swift in Sources */ = {isa = PBXBuildFile; fileRef = 9944133727A9E81500A1C021 /* PantallaLogInViewController.swift */; };
		9944133A27A9E81500A1C021 /* PantallaLogInViewController.xib in Resources */ = {isa = PBXBuildFile; fileRef = 9944133827A9E81500A1C021 /* PantallaLogInViewController.xib */; };
		9944133D27A9E82C00A1C021 /* PantallaPrincipalViewController.swift in Sources */ = {isa = PBXBuildFile; fileRef = 9944133B27A9E82C00A1C021 /* PantallaPrincipalViewController.swift */; };
		9944133E27A9E82C00A1C021 /* PantallaPrincipalViewController.xib in Resources */ = {isa = PBXBuildFile; fileRef = 9944133C27A9E82C00A1C021 /* PantallaPrincipalViewController.xib */; };
		9944134127A9E84300A1C021 /* PantallaDetalleViewController.swift in Sources */ = {isa = PBXBuildFile; fileRef = 9944133F27A9E84300A1C021 /* PantallaDetalleViewController.swift */; };
		9944134227A9E84300A1C021 /* PantallaDetalleViewController.xib in Resources */ = {isa = PBXBuildFile; fileRef = 9944134027A9E84300A1C021 /* PantallaDetalleViewController.xib */; };
		9944134427AA048500A1C021 /* Model.swift in Sources */ = {isa = PBXBuildFile; fileRef = 9944134327AA048500A1C021 /* Model.swift */; };
		9944134627AA062D00A1C021 /* ApiService.swift in Sources */ = {isa = PBXBuildFile; fileRef = 9944134527AA062D00A1C021 /* ApiService.swift */; };
		9944134827AA1A1E00A1C021 /* MovieViewModel.swift in Sources */ = {isa = PBXBuildFile; fileRef = 9944134727AA1A1E00A1C021 /* MovieViewModel.swift */; };
		9944134F27AB01A000A1C021 /* MovieTableViewCell.swift in Sources */ = {isa = PBXBuildFile; fileRef = 9944134D27AB01A000A1C021 /* MovieTableViewCell.swift */; };
		9944135027AB01A000A1C021 /* MovieTableViewCell.xib in Resources */ = {isa = PBXBuildFile; fileRef = 9944134E27AB01A000A1C021 /* MovieTableViewCell.xib */; };
/* End PBXBuildFile section */

/* Begin PBXFileReference section */
		9944131227A9BD0300A1C021 /* MovieApp.app */ = {isa = PBXFileReference; explicitFileType = wrapper.application; includeInIndex = 0; path = MovieApp.app; sourceTree = BUILT_PRODUCTS_DIR; };
		9944131527A9BD0300A1C021 /* AppDelegate.swift */ = {isa = PBXFileReference; lastKnownFileType = sourcecode.swift; path = AppDelegate.swift; sourceTree = "<group>"; };
		9944131727A9BD0300A1C021 /* SceneDelegate.swift */ = {isa = PBXFileReference; lastKnownFileType = sourcecode.swift; path = SceneDelegate.swift; sourceTree = "<group>"; };
		9944131927A9BD0300A1C021 /* PrimeraPantallaViewController.swift */ = {isa = PBXFileReference; lastKnownFileType = sourcecode.swift; path = PrimeraPantallaViewController.swift; sourceTree = "<group>"; };
		9944131F27A9BD0300A1C021 /* MovieApp.xcdatamodel */ = {isa = PBXFileReference; lastKnownFileType = wrapper.xcdatamodel; path = MovieApp.xcdatamodel; sourceTree = "<group>"; };
		9944132127A9BD0500A1C021 /* Assets.xcassets */ = {isa = PBXFileReference; lastKnownFileType = folder.assetcatalog; path = Assets.xcassets; sourceTree = "<group>"; };
		9944132427A9BD0500A1C021 /* Base */ = {isa = PBXFileReference; lastKnownFileType = file.storyboard; name = Base; path = Base.lproj/LaunchScreen.storyboard; sourceTree = "<group>"; };
		9944132627A9BD0500A1C021 /* Info.plist */ = {isa = PBXFileReference; lastKnownFileType = text.plist.xml; path = Info.plist; sourceTree = "<group>"; };
		9944132C27A9C1D800A1C021 /* PrimeraPantallaViewController.xib */ = {isa = PBXFileReference; lastKnownFileType = file.xib; path = PrimeraPantallaViewController.xib; sourceTree = "<group>"; };
		9944133327A9E7C200A1C021 /* PantallaRegistroViewController.swift */ = {isa = PBXFileReference; lastKnownFileType = sourcecode.swift; path = PantallaRegistroViewController.swift; sourceTree = "<group>"; };
		9944133427A9E7C200A1C021 /* PantallaRegistroViewController.xib */ = {isa = PBXFileReference; lastKnownFileType = file.xib; path = PantallaRegistroViewController.xib; sourceTree = "<group>"; };
		9944133727A9E81500A1C021 /* PantallaLogInViewController.swift */ = {isa = PBXFileReference; lastKnownFileType = sourcecode.swift; path = PantallaLogInViewController.swift; sourceTree = "<group>"; };
		9944133827A9E81500A1C021 /* PantallaLogInViewController.xib */ = {isa = PBXFileReference; lastKnownFileType = file.xib; path = PantallaLogInViewController.xib; sourceTree = "<group>"; };
		9944133B27A9E82C00A1C021 /* PantallaPrincipalViewController.swift */ = {isa = PBXFileReference; lastKnownFileType = sourcecode.swift; path = PantallaPrincipalViewController.swift; sourceTree = "<group>"; };
		9944133C27A9E82C00A1C021 /* PantallaPrincipalViewController.xib */ = {isa = PBXFileReference; lastKnownFileType = file.xib; path = PantallaPrincipalViewController.xib; sourceTree = "<group>"; };
		9944133F27A9E84300A1C021 /* PantallaDetalleViewController.swift */ = {isa = PBXFileReference; lastKnownFileType = sourcecode.swift; path = PantallaDetalleViewController.swift; sourceTree = "<group>"; };
		9944134027A9E84300A1C021 /* PantallaDetalleViewController.xib */ = {isa = PBXFileReference; lastKnownFileType = file.xib; path = PantallaDetalleViewController.xib; sourceTree = "<group>"; };
		9944134327AA048500A1C021 /* Model.swift */ = {isa = PBXFileReference; lastKnownFileType = sourcecode.swift; path = Model.swift; sourceTree = "<group>"; };
		9944134527AA062D00A1C021 /* ApiService.swift */ = {isa = PBXFileReference; lastKnownFileType = sourcecode.swift; path = ApiService.swift; sourceTree = "<group>"; };
		9944134727AA1A1E00A1C021 /* MovieViewModel.swift */ = {isa = PBXFileReference; lastKnownFileType = sourcecode.swift; path = MovieViewModel.swift; sourceTree = "<group>"; };
		9944134D27AB01A000A1C021 /* MovieTableViewCell.swift */ = {isa = PBXFileReference; lastKnownFileType = sourcecode.swift; path = MovieTableViewCell.swift; sourceTree = "<group>"; };
		9944134E27AB01A000A1C021 /* MovieTableViewCell.xib */ = {isa = PBXFileReference; lastKnownFileType = file.xib; path = MovieTableViewCell.xib; sourceTree = "<group>"; };
/* End PBXFileReference section */

/* Begin PBXFrameworksBuildPhase section */
		9944130F27A9BD0300A1C021 /* Frameworks */ = {
			isa = PBXFrameworksBuildPhase;
			buildActionMask = 2147483647;
			files = (
			);
			runOnlyForDeploymentPostprocessing = 0;
		};
/* End PBXFrameworksBuildPhase section */

/* Begin PBXGroup section */
		9944130927A9BD0300A1C021 = {
			isa = PBXGroup;
			children = (
				9944131427A9BD0300A1C021 /* MovieApp */,
				9944131327A9BD0300A1C021 /* Products */,
			);
			sourceTree = "<group>";
		};
		9944131327A9BD0300A1C021 /* Products */ = {
			isa = PBXGroup;
			children = (
				9944131227A9BD0300A1C021 /* MovieApp.app */,
			);
			name = Products;
			sourceTree = "<group>";
		};
		9944131427A9BD0300A1C021 /* MovieApp */ = {
			isa = PBXGroup;
			children = (
				9944131527A9BD0300A1C021 /* AppDelegate.swift */,
				9944131727A9BD0300A1C021 /* SceneDelegate.swift */,
				9944134327AA048500A1C021 /* Model.swift */,
				9944134527AA062D00A1C021 /* ApiService.swift */,
				9944134727AA1A1E00A1C021 /* MovieViewModel.swift */,
				9944132E27A9E1A400A1C021 /* PrimeraPantalla */,
				9944132F27A9E6C600A1C021 /* PantallaRegistro */,
				9944133027A9E70D00A1C021 /* PantallaLogIn */,
				9944133127A9E75800A1C021 /* PantallaPrincipal */,
				9944135127AB01D200A1C021 /* PantallaPrincipalTableViewCell */,
				9944133227A9E78000A1C021 /* PantallaDetalle */,
				9944132127A9BD0500A1C021 /* Assets.xcassets */,
				9944132327A9BD0500A1C021 /* LaunchScreen.storyboard */,
				9944132627A9BD0500A1C021 /* Info.plist */,
				9944131E27A9BD0300A1C021 /* MovieApp.xcdatamodeld */,
			);
			path = MovieApp;
			sourceTree = "<group>";
		};
		9944132E27A9E1A400A1C021 /* PrimeraPantalla */ = {
			isa = PBXGroup;
			children = (
				9944131927A9BD0300A1C021 /* PrimeraPantallaViewController.swift */,
				9944132C27A9C1D800A1C021 /* PrimeraPantallaViewController.xib */,
			);
			path = PrimeraPantalla;
			sourceTree = "<group>";
		};
		9944132F27A9E6C600A1C021 /* PantallaRegistro */ = {
			isa = PBXGroup;
			children = (
				9944133327A9E7C200A1C021 /* PantallaRegistroViewController.swift */,
				9944133427A9E7C200A1C021 /* PantallaRegistroViewController.xib */,
			);
			path = PantallaRegistro;
			sourceTree = "<group>";
		};
		9944133027A9E70D00A1C021 /* PantallaLogIn */ = {
			isa = PBXGroup;
			children = (
				9944133727A9E81500A1C021 /* PantallaLogInViewController.swift */,
				9944133827A9E81500A1C021 /* PantallaLogInViewController.xib */,
			);
			path = PantallaLogIn;
			sourceTree = "<group>";
		};
		9944133127A9E75800A1C021 /* PantallaPrincipal */ = {
			isa = PBXGroup;
			children = (
				9944133B27A9E82C00A1C021 /* PantallaPrincipalViewController.swift */,
				9944133C27A9E82C00A1C021 /* PantallaPrincipalViewController.xib */,
			);
			path = PantallaPrincipal;
			sourceTree = "<group>";
		};
		9944133227A9E78000A1C021 /* PantallaDetalle */ = {
			isa = PBXGroup;
			children = (
				9944133F27A9E84300A1C021 /* PantallaDetalleViewController.swift */,
				9944134027A9E84300A1C021 /* PantallaDetalleViewController.xib */,
			);
			path = PantallaDetalle;
			sourceTree = "<group>";
		};
		9944135127AB01D200A1C021 /* PantallaPrincipalTableViewCell */ = {
			isa = PBXGroup;
			children = (
				9944134D27AB01A000A1C021 /* MovieTableViewCell.swift */,
				9944134E27AB01A000A1C021 /* MovieTableViewCell.xib */,
			);
			path = PantallaPrincipalTableViewCell;
			sourceTree = "<group>";
		};
/* End PBXGroup section */

/* Begin PBXNativeTarget section */
		9944131127A9BD0300A1C021 /* MovieApp */ = {
			isa = PBXNativeTarget;
			buildConfigurationList = 9944132927A9BD0500A1C021 /* Build configuration list for PBXNativeTarget "MovieApp" */;
			buildPhases = (
				9944130E27A9BD0300A1C021 /* Sources */,
				9944130F27A9BD0300A1C021 /* Frameworks */,
				9944131027A9BD0300A1C021 /* Resources */,
			);
			buildRules = (
			);
			dependencies = (
			);
			name = MovieApp;
			productName = MovieApp;
			productReference = 9944131227A9BD0300A1C021 /* MovieApp.app */;
			productType = "com.apple.product-type.application";
		};
/* End PBXNativeTarget section */

/* Begin PBXProject section */
		9944130A27A9BD0300A1C021 /* Project object */ = {
			isa = PBXProject;
			attributes = {
				BuildIndependentTargetsInParallel = 1;
				LastSwiftUpdateCheck = 1320;
				LastUpgradeCheck = 1320;
				TargetAttributes = {
					9944131127A9BD0300A1C021 = {
						CreatedOnToolsVersion = 13.2.1;
					};
				};
			};
			buildConfigurationList = 9944130D27A9BD0300A1C021 /* Build configuration list for PBXProject "MovieApp" */;
			compatibilityVersion = "Xcode 13.0";
			developmentRegion = en;
			hasScannedForEncodings = 0;
			knownRegions = (
				en,
				Base,
			);
			mainGroup = 9944130927A9BD0300A1C021;
			productRefGroup = 9944131327A9BD0300A1C021 /* Products */;
			projectDirPath = "";
			projectRoot = "";
			targets = (
				9944131127A9BD0300A1C021 /* MovieApp */,
			);
		};
/* End PBXProject section */

/* Begin PBXResourcesBuildPhase section */
		9944131027A9BD0300A1C021 /* Resources */ = {
			isa = PBXResourcesBuildPhase;
			buildActionMask = 2147483647;
			files = (
				9944134227A9E84300A1C021 /* PantallaDetalleViewController.xib in Resources */,
				9944133E27A9E82C00A1C021 /* PantallaPrincipalViewController.xib in Resources */,
				9944135027AB01A000A1C021 /* MovieTableViewCell.xib in Resources */,
				9944132527A9BD0500A1C021 /* LaunchScreen.storyboard in Resources */,
				9944132D27A9C1D800A1C021 /* PrimeraPantallaViewController.xib in Resources */,
				9944133627A9E7C200A1C021 /* PantallaRegistroViewController.xib in Resources */,
				9944133A27A9E81500A1C021 /* PantallaLogInViewController.xib in Resources */,
				9944132227A9BD0500A1C021 /* Assets.xcassets in Resources */,
			);
			runOnlyForDeploymentPostprocessing = 0;
		};
/* End PBXResourcesBuildPhase section */

/* Begin PBXSourcesBuildPhase section */
		9944130E27A9BD0300A1C021 /* Sources */ = {
			isa = PBXSourcesBuildPhase;
			buildActionMask = 2147483647;
			files = (
				9944134427AA048500A1C021 /* Model.swift in Sources */,
				9944131A27A9BD0300A1C021 /* PrimeraPantallaViewController.swift in Sources */,
				9944131627A9BD0300A1C021 /* AppDelegate.swift in Sources */,
				9944133D27A9E82C00A1C021 /* PantallaPrincipalViewController.swift in Sources */,
				9944132027A9BD0300A1C021 /* MovieApp.xcdatamodeld in Sources */,
				9944133927A9E81500A1C021 /* PantallaLogInViewController.swift in Sources */,
				9944134627AA062D00A1C021 /* ApiService.swift in Sources */,
				9944134127A9E84300A1C021 /* PantallaDetalleViewController.swift in Sources */,
				9944134827AA1A1E00A1C021 /* MovieViewModel.swift in Sources */,
				9944133527A9E7C200A1C021 /* PantallaRegistroViewController.swift in Sources */,
				9944131827A9BD0300A1C021 /* SceneDelegate.swift in Sources */,
				9944134F27AB01A000A1C021 /* MovieTableViewCell.swift in Sources */,
			);
			runOnlyForDeploymentPostprocessing = 0;
		};
/* End PBXSourcesBuildPhase section */

/* Begin PBXVariantGroup section */
		9944132327A9BD0500A1C021 /* LaunchScreen.storyboard */ = {
			isa = PBXVariantGroup;
			children = (
				9944132427A9BD0500A1C021 /* Base */,
			);
			name = LaunchScreen.storyboard;
			sourceTree = "<group>";
		};
/* End PBXVariantGroup section */

/* Begin XCBuildConfiguration section */
		9944132727A9BD0500A1C021 /* Debug */ = {
			isa = XCBuildConfiguration;
			buildSettings = {
				ALWAYS_SEARCH_USER_PATHS = NO;
				CLANG_ANALYZER_NONNULL = YES;
				CLANG_ANALYZER_NUMBER_OBJECT_CONVERSION = YES_AGGRESSIVE;
				CLANG_CXX_LANGUAGE_STANDARD = "gnu++17";
				CLANG_CXX_LIBRARY = "libc++";
				CLANG_ENABLE_MODULES = YES;
				CLANG_ENABLE_OBJC_ARC = YES;
				CLANG_ENABLE_OBJC_WEAK = YES;
				CLANG_WARN_BLOCK_CAPTURE_AUTORELEASING = YES;
				CLANG_WARN_BOOL_CONVERSION = YES;
				CLANG_WARN_COMMA = YES;
				CLANG_WARN_CONSTANT_CONVERSION = YES;
				CLANG_WARN_DEPRECATED_OBJC_IMPLEMENTATIONS = YES;
				CLANG_WARN_DIRECT_OBJC_ISA_USAGE = YES_ERROR;
				CLANG_WARN_DOCUMENTATION_COMMENTS = YES;
				CLANG_WARN_EMPTY_BODY = YES;
				CLANG_WARN_ENUM_CONVERSION = YES;
				CLANG_WARN_INFINITE_RECURSION = YES;
				CLANG_WARN_INT_CONVERSION = YES;
				CLANG_WARN_NON_LITERAL_NULL_CONVERSION = YES;
				CLANG_WARN_OBJC_IMPLICIT_RETAIN_SELF = YES;
				CLANG_WARN_OBJC_LITERAL_CONVERSION = YES;
				CLANG_WARN_OBJC_ROOT_CLASS = YES_ERROR;
				CLANG_WARN_QUOTED_INCLUDE_IN_FRAMEWORK_HEADER = YES;
				CLANG_WARN_RANGE_LOOP_ANALYSIS = YES;
				CLANG_WARN_STRICT_PROTOTYPES = YES;
				CLANG_WARN_SUSPICIOUS_MOVE = YES;
				CLANG_WARN_UNGUARDED_AVAILABILITY = YES_AGGRESSIVE;
				CLANG_WARN_UNREACHABLE_CODE = YES;
				CLANG_WARN__DUPLICATE_METHOD_MATCH = YES;
				COPY_PHASE_STRIP = NO;
				DEBUG_INFORMATION_FORMAT = dwarf;
				ENABLE_STRICT_OBJC_MSGSEND = YES;
				ENABLE_TESTABILITY = YES;
				GCC_C_LANGUAGE_STANDARD = gnu11;
				GCC_DYNAMIC_NO_PIC = NO;
				GCC_NO_COMMON_BLOCKS = YES;
				GCC_OPTIMIZATION_LEVEL = 0;
				GCC_PREPROCESSOR_DEFINITIONS = (
					"DEBUG=1",
					"$(inherited)",
				);
				GCC_WARN_64_TO_32_BIT_CONVERSION = YES;
				GCC_WARN_ABOUT_RETURN_TYPE = YES_ERROR;
				GCC_WARN_UNDECLARED_SELECTOR = YES;
				GCC_WARN_UNINITIALIZED_AUTOS = YES_AGGRESSIVE;
				GCC_WARN_UNUSED_FUNCTION = YES;
				GCC_WARN_UNUSED_VARIABLE = YES;
				IPHONEOS_DEPLOYMENT_TARGET = 15.2;
				MTL_ENABLE_DEBUG_INFO = INCLUDE_SOURCE;
				MTL_FAST_MATH = YES;
				ONLY_ACTIVE_ARCH = YES;
				SDKROOT = iphoneos;
				SWIFT_ACTIVE_COMPILATION_CONDITIONS = DEBUG;
				SWIFT_OPTIMIZATION_LEVEL = "-Onone";
			};
			name = Debug;
		};
		9944132827A9BD0500A1C021 /* Release */ = {
			isa = XCBuildConfiguration;
			buildSettings = {
				ALWAYS_SEARCH_USER_PATHS = NO;
				CLANG_ANALYZER_NONNULL = YES;
				CLANG_ANALYZER_NUMBER_OBJECT_CONVERSION = YES_AGGRESSIVE;
				CLANG_CXX_LANGUAGE_STANDARD = "gnu++17";
				CLANG_CXX_LIBRARY = "libc++";
				CLANG_ENABLE_MODULES = YES;
				CLANG_ENABLE_OBJC_ARC = YES;
				CLANG_ENABLE_OBJC_WEAK = YES;
				CLANG_WARN_BLOCK_CAPTURE_AUTORELEASING = YES;
				CLANG_WARN_BOOL_CONVERSION = YES;
				CLANG_WARN_COMMA = YES;
				CLANG_WARN_CONSTANT_CONVERSION = YES;
				CLANG_WARN_DEPRECATED_OBJC_IMPLEMENTATIONS = YES;
				CLANG_WARN_DIRECT_OBJC_ISA_USAGE = YES_ERROR;
				CLANG_WARN_DOCUMENTATION_COMMENTS = YES;
				CLANG_WARN_EMPTY_BODY = YES;
				CLANG_WARN_ENUM_CONVERSION = YES;
				CLANG_WARN_INFINITE_RECURSION = YES;
				CLANG_WARN_INT_CONVERSION = YES;
				CLANG_WARN_NON_LITERAL_NULL_CONVERSION = YES;
				CLANG_WARN_OBJC_IMPLICIT_RETAIN_SELF = YES;
				CLANG_WARN_OBJC_LITERAL_CONVERSION = YES;
				CLANG_WARN_OBJC_ROOT_CLASS = YES_ERROR;
				CLANG_WARN_QUOTED_INCLUDE_IN_FRAMEWORK_HEADER = YES;
				CLANG_WARN_RANGE_LOOP_ANALYSIS = YES;
				CLANG_WARN_STRICT_PROTOTYPES = YES;
				CLANG_WARN_SUSPICIOUS_MOVE = YES;
				CLANG_WARN_UNGUARDED_AVAILABILITY = YES_AGGRESSIVE;
				CLANG_WARN_UNREACHABLE_CODE = YES;
				CLANG_WARN__DUPLICATE_METHOD_MATCH = YES;
				COPY_PHASE_STRIP = NO;
				DEBUG_INFORMATION_FORMAT = "dwarf-with-dsym";
				ENABLE_NS_ASSERTIONS = NO;
				ENABLE_STRICT_OBJC_MSGSEND = YES;
				GCC_C_LANGUAGE_STANDARD = gnu11;
				GCC_NO_COMMON_BLOCKS = YES;
				GCC_WARN_64_TO_32_BIT_CONVERSION = YES;
				GCC_WARN_ABOUT_RETURN_TYPE = YES_ERROR;
				GCC_WARN_UNDECLARED_SELECTOR = YES;
				GCC_WARN_UNINITIALIZED_AUTOS = YES_AGGRESSIVE;
				GCC_WARN_UNUSED_FUNCTION = YES;
				GCC_WARN_UNUSED_VARIABLE = YES;
				IPHONEOS_DEPLOYMENT_TARGET = 15.2;
				MTL_ENABLE_DEBUG_INFO = NO;
				MTL_FAST_MATH = YES;
				SDKROOT = iphoneos;
				SWIFT_COMPILATION_MODE = wholemodule;
				SWIFT_OPTIMIZATION_LEVEL = "-O";
				VALIDATE_PRODUCT = YES;
			};
			name = Release;
		};
		9944132A27A9BD0500A1C021 /* Debug */ = {
			isa = XCBuildConfiguration;
			buildSettings = {
				ASSETCATALOG_COMPILER_APPICON_NAME = AppIcon;
				ASSETCATALOG_COMPILER_GLOBAL_ACCENT_COLOR_NAME = AccentColor;
				CODE_SIGN_STYLE = Automatic;
				CURRENT_PROJECT_VERSION = 1;
				DEVELOPMENT_TEAM = MFD493Y84X;
				GENERATE_INFOPLIST_FILE = YES;
				INFOPLIST_FILE = MovieApp/Info.plist;
				INFOPLIST_KEY_UIApplicationSupportsIndirectInputEvents = YES;
				INFOPLIST_KEY_UILaunchStoryboardName = LaunchScreen;
				INFOPLIST_KEY_UISupportedInterfaceOrientations_iPad = "UIInterfaceOrientationPortrait UIInterfaceOrientationPortraitUpsideDown UIInterfaceOrientationLandscapeLeft UIInterfaceOrientationLandscapeRight";
				INFOPLIST_KEY_UISupportedInterfaceOrientations_iPhone = "UIInterfaceOrientationPortrait UIInterfaceOrientationLandscapeLeft UIInterfaceOrientationLandscapeRight";
				LD_RUNPATH_SEARCH_PATHS = (
					"$(inherited)",
					"@executable_path/Frameworks",
				);
				MARKETING_VERSION = 1.0;
				PRODUCT_BUNDLE_IDENTIFIER = com.mituartel.MovieApp;
				PRODUCT_NAME = "$(TARGET_NAME)";
				SWIFT_EMIT_LOC_STRINGS = YES;
				SWIFT_VERSION = 5.0;
				TARGETED_DEVICE_FAMILY = "1,2";
			};
			name = Debug;
		};
		9944132B27A9BD0500A1C021 /* Release */ = {
			isa = XCBuildConfiguration;
			buildSettings = {
				ASSETCATALOG_COMPILER_APPICON_NAME = AppIcon;
				ASSETCATALOG_COMPILER_GLOBAL_ACCENT_COLOR_NAME = AccentColor;
				CODE_SIGN_STYLE = Automatic;
				CURRENT_PROJECT_VERSION = 1;
				DEVELOPMENT_TEAM = MFD493Y84X;
				GENERATE_INFOPLIST_FILE = YES;
				INFOPLIST_FILE = MovieApp/Info.plist;
				INFOPLIST_KEY_UIApplicationSupportsIndirectInputEvents = YES;
				INFOPLIST_KEY_UILaunchStoryboardName = LaunchScreen;
				INFOPLIST_KEY_UISupportedInterfaceOrientations_iPad = "UIInterfaceOrientationPortrait UIInterfaceOrientationPortraitUpsideDown UIInterfaceOrientationLandscapeLeft UIInterfaceOrientationLandscapeRight";
				INFOPLIST_KEY_UISupportedInterfaceOrientations_iPhone = "UIInterfaceOrientationPortrait UIInterfaceOrientationLandscapeLeft UIInterfaceOrientationLandscapeRight";
				LD_RUNPATH_SEARCH_PATHS = (
					"$(inherited)",
					"@executable_path/Frameworks",
				);
				MARKETING_VERSION = 1.0;
				PRODUCT_BUNDLE_IDENTIFIER = com.mituartel.MovieApp;
				PRODUCT_NAME = "$(TARGET_NAME)";
				SWIFT_EMIT_LOC_STRINGS = YES;
				SWIFT_VERSION = 5.0;
				TARGETED_DEVICE_FAMILY = "1,2";
			};
			name = Release;
		};
/* End XCBuildConfiguration section */

/* Begin XCConfigurationList section */
		9944130D27A9BD0300A1C021 /* Build configuration list for PBXProject "MovieApp" */ = {
			isa = XCConfigurationList;
			buildConfigurations = (
				9944132727A9BD0500A1C021 /* Debug */,
				9944132827A9BD0500A1C021 /* Release */,
			);
			defaultConfigurationIsVisible = 0;
			defaultConfigurationName = Release;
		};
		9944132927A9BD0500A1C021 /* Build configuration list for PBXNativeTarget "MovieApp" */ = {
			isa = XCConfigurationList;
			buildConfigurations = (
				9944132A27A9BD0500A1C021 /* Debug */,
				9944132B27A9BD0500A1C021 /* Release */,
			);
			defaultConfigurationIsVisible = 0;
			defaultConfigurationName = Release;
		};
/* End XCConfigurationList section */

/* Begin XCVersionGroup section */
		9944131E27A9BD0300A1C021 /* MovieApp.xcdatamodeld */ = {
			isa = XCVersionGroup;
			children = (
				9944131F27A9BD0300A1C021 /* MovieApp.xcdatamodel */,
			);
			currentVersion = 9944131F27A9BD0300A1C021 /* MovieApp.xcdatamodel */;
			path = MovieApp.xcdatamodeld;
			sourceTree = "<group>";
			versionGroupType = wrapper.xcdatamodel;
		};
/* End XCVersionGroup section */
	};
	rootObject = 9944130A27A9BD0300A1C021 /* Project object */;
}
